
Microsoft Visual Studio Solution File, Format Version 12.00
# Visual Studio Version 16
VisualStudioVersion = 16.0.29519.87
MinimumVisualStudioVersion = 10.0.40219.1
Project("{FAE04EC0-301F-11D3-BF4B-00C04F79EFBC}") = "SimpleConsole", "SimpleConsole\SimpleConsole.csproj", "{706A50EA-A8A4-4AB5-BA9A-872B125DF58F}"
EndProject
Global
	GlobalSection(SolutionConfigurationPlatforms) = preSolution
		Debug|Any CPU = Debug|Any CPU
		Release|Any CPU = Release|Any CPU
	EndGlobalSection
	GlobalSection(ProjectConfigurationPlatforms) = postSolution
		{706A50EA-A8A4-4AB5-BA9A-872B125DF58F}.Debug|Any CPU.ActiveCfg = Debug|Any CPU
		{706A50EA-A8A4-4AB5-BA9A-872B125DF58F}.Debug|Any CPU.Build.0 = Debug|Any CPU
		{706A50EA-A8A4-4AB5-BA9A-872B125DF58F}.Release|Any CPU.ActiveCfg = Release|Any CPU
		{706A50EA-A8A4-4AB5-BA9A-872B125DF58F}.Release|Any CPU.Build.0 = Release|Any CPU
	EndGlobalSection
	GlobalSection(SolutionProperties) = preSolution
		HideSolutionNode = FALSE
	EndGlobalSection
	GlobalSection(ExtensibilityGlobals) = postSolution
		SolutionGuid = {B71E4885-FFDA-4604-92CA-F84168D1E0EE}
	EndGlobalSection
EndGlobal
